
Microsoft Visual Studio Solution File, Format Version 12.00
# Visual Studio Version 17
VisualStudioVersion = 17.5.001.0
MinimumVisualStudioVersion = 10.0.40219.1
Project("{9A19103F-16F7-4668-BE54-9A1E7A4F7556}") = "Producers", "Producers.csproj", "{389E28E1-CC9F-4661-894C-9BED1A76407E}"
EndProject
Global
	GlobalSection(SolutionConfigurationPlatforms) = preSolution
		Debug|Any CPU = Debug|Any CPU
		Release|Any CPU = Release|Any CPU
	EndGlobalSection
	GlobalSection(ProjectConfigurationPlatforms) = postSolution
		{389E28E1-CC9F-4661-894C-9BED1A76407E}.Debug|Any CPU.ActiveCfg = Debug|Any CPU
		{389E28E1-CC9F-4661-894C-9BED1A76407E}.Debug|Any CPU.Build.0 = Debug|Any CPU
		{389E28E1-CC9F-4661-894C-9BED1A76407E}.Release|Any CPU.ActiveCfg = Release|Any CPU
		{389E28E1-CC9F-4661-894C-9BED1A76407E}.Release|Any CPU.Build.0 = Release|Any CPU
	EndGlobalSection
	GlobalSection(SolutionProperties) = preSolution
		HideSolutionNode = FALSE
	EndGlobalSection
	GlobalSection(ExtensibilityGlobals) = postSolution
		SolutionGuid = {92250CA4-24D9-4852-9F84-A89A1B8F6365}
	EndGlobalSection
EndGlobal
